
Microsoft Visual Studio Solution File, Format Version 12.00
# Visual Studio Version 16
VisualStudioVersion = 16.0.31702.278
MinimumVisualStudioVersion = 10.0.40219.1
Project("{8BC9CEB8-8B4A-11D0-8D11-00A0C91BC942}") = "HW_CLASS_RES", "HW_CLASS_RES\HW_CLASS_RES.vcxproj", "{F664F7F8-FB86-4EC2-873D-48E0044022E6}"
EndProject
Global
	GlobalSection(SolutionConfigurationPlatforms) = preSolution
		Debug|x64 = Debug|x64
		Debug|x86 = Debug|x86
		Release|x64 = Release|x64
		Release|x86 = Release|x86
	EndGlobalSection
	GlobalSection(ProjectConfigurationPlatforms) = postSolution
		{F664F7F8-FB86-4EC2-873D-48E0044022E6}.Debug|x64.ActiveCfg = Debug|x64
		{F664F7F8-FB86-4EC2-873D-48E0044022E6}.Debug|x64.Build.0 = Debug|x64
		{F664F7F8-FB86-4EC2-873D-48E0044022E6}.Debug|x86.ActiveCfg = Debug|Win32
		{F664F7F8-FB86-4EC2-873D-48E0044022E6}.Debug|x86.Build.0 = Debug|Win32
		{F664F7F8-FB86-4EC2-873D-48E0044022E6}.Release|x64.ActiveCfg = Release|x64
		{F664F7F8-FB86-4EC2-873D-48E0044022E6}.Release|x64.Build.0 = Release|x64
		{F664F7F8-FB86-4EC2-873D-48E0044022E6}.Release|x86.ActiveCfg = Release|Win32
		{F664F7F8-FB86-4EC2-873D-48E0044022E6}.Release|x86.Build.0 = Release|Win32
	EndGlobalSection
	GlobalSection(SolutionProperties) = preSolution
		HideSolutionNode = FALSE
	EndGlobalSection
	GlobalSection(ExtensibilityGlobals) = postSolution
		SolutionGuid = {D08AD724-0B55-4BC1-ABB7-AF2748EDF7C7}
	EndGlobalSection
EndGlobal
